# This file is autogenerated, do not edit; changes may be undone by the next 'dep ensure'.


[[projects]]
  name = "github.com/go-stack/stack"
  packages = ["."]
  revision = "2fee6af1a9795aafbe0253a0cfbdf668e1fb8a9a"
  version = "v1.8.0"

[[projects]]
  branch = "master"
  name = "github.com/golang/geo"
  packages = ["r1","r2","r3","s1","s2"]
  revision = "476085157cff9aaeef4d4f124649436542d4114a"

[[projects]]
  name = "github.com/golang/protobuf"
  packages = ["proto"]
  revision = "aa810b61a9c79d51363740d207bb46cf8e620ed5"
  version = "v1.2.0"

[[projects]]
  branch = "master"
  name = "github.com/golang/snappy"
  packages = ["."]
  revision = "2e65f85255dbc3072edf28d6b5b8efc472979f5a"

[[projects]]
  name = "github.com/marni/goigc"
  packages = ["."]
  revision = "35300268c031cea36d638a6793146fccd1cbcdd1"
  version = "v0.1.0"

[[projects]]
  name = "github.com/mongodb/mongo-go-driver"
  packages = ["bson","bson/bsoncodec","bson/bsoncore","bson/bsonrw","bson/bsontype","bson/decimal","bson/elements","bson/objectid","bson/parser","bson/parser/ast","core/address","core/auth","core/auth/internal/gssapi","core/command","core/compressor","core/connection","core/connstring","core/description","core/dispatch","core/event","core/option","core/readconcern","core/readpref","core/result","core/session","core/tag","core/topology","core/uuid","core/version","core/wiremessage","core/writeconcern","internal","mongo","mongo/aggregateopt","mongo/bulkwriteopt","mongo/changestreamopt","mongo/clientopt","mongo/collectionopt","mongo/countopt","mongo/dbopt","mongo/deleteopt","mongo/distinctopt","mongo/dropcollopt","mongo/findopt","mongo/indexopt","mongo/insertopt","mongo/listcollectionopt","mongo/listdbopt","mongo/mongoopt","mongo/replaceopt","mongo/runcmdopt","mongo/sessionopt","mongo/transactionopt","mongo/updateopt"]
  revision = "8db96a607cde2fea156d9a72c26aa09271592591"
  version = "v0.0.17"

[[projects]]
  branch = "master"
  name = "github.com/xdg/scram"
  packages = ["."]
  revision = "7eeb5667e42c09cb51bf7b7c28aea8c56767da90"

[[projects]]
  name = "github.com/xdg/stringprep"
  packages = ["."]
  revision = "bd625b8dc1e3b0f57412280ccbcc317f0c69d8db"
  version = "v1.0.0"

[[projects]]
  branch = "master"
  name = "golang.org/x/crypto"
  packages = ["pbkdf2"]
  revision = "7e6ffbd038512da5ae7ce06c196764f393990be1"

[[projects]]
  branch = "master"
  name = "golang.org/x/net"
  packages = ["context"]
  revision = "c44066c5c816ec500d459a2a324a753f78531ae0"

[[projects]]
  branch = "master"
  name = "golang.org/x/sync"
  packages = ["semaphore"]
  revision = "1d60e4601c6fd243af51cc01ddf169918a5407ca"

[[projects]]
  name = "golang.org/x/text"
  packages = ["internal/gen","internal/triegen","internal/ucd","transform","unicode/cldr","unicode/norm"]
  revision = "f21a4dfb5e38f5895301dc265a8def02365cc3d0"
  version = "v0.3.0"

[[projects]]
  name = "google.golang.org/appengine"
  packages = [".","internal","internal/app_identity","internal/base","internal/datastore","internal/log","internal/modules","internal/remote_api"]
  revision = "ae0ab99deb4dc413a2b4bd6c8bdd0eb67f1e4d06"
  version = "v1.2.0"

[solve-meta]
  analyzer-name = "dep"
  analyzer-version = 1
  inputs-digest = "a36791b0af97bf7a0478e1942af70b03a16149577847a12c69dfdfab0d54040d"
  solver-name = "gps-cdcl"
  solver-version = 1
